// !$*UTF8*$!
{
	archiveVersion = 1;
	classes = {
	};
	objectVersion = 56;
	objects = {

/* Begin PBXBuildFile section */
		FC67C2F22A8E5C3D00FFC53C /* HTTPRequest.swift in Sources */ = {isa = PBXBuildFile; fileRef = FC67C2F12A8E5C3D00FFC53C /* HTTPRequest.swift */; };
		FC67C2F42A8E5D5400FFC53C /* HTTPResponse.swift in Sources */ = {isa = PBXBuildFile; fileRef = FC67C2F32A8E5D5300FFC53C /* HTTPResponse.swift */; };
		FC67C2F62A8E5E3C00FFC53C /* HTTPProvider.swift in Sources */ = {isa = PBXBuildFile; fileRef = FC67C2F52A8E5E3C00FFC53C /* HTTPProvider.swift */; };
		FCA34DFA2A8E59A3002FBE37 /* AppDelegate.swift in Sources */ = {isa = PBXBuildFile; fileRef = FCA34DF92A8E59A3002FBE37 /* AppDelegate.swift */; };
		FCA34DFC2A8E59A3002FBE37 /* SceneDelegate.swift in Sources */ = {isa = PBXBuildFile; fileRef = FCA34DFB2A8E59A3002FBE37 /* SceneDelegate.swift */; };
		FCA34DFE2A8E59A3002FBE37 /* ViewController.swift in Sources */ = {isa = PBXBuildFile; fileRef = FCA34DFD2A8E59A3002FBE37 /* ViewController.swift */; };
		FCA34E012A8E59A3002FBE37 /* Main.storyboard in Resources */ = {isa = PBXBuildFile; fileRef = FCA34DFF2A8E59A3002FBE37 /* Main.storyboard */; };
		FCA34E032A8E59A5002FBE37 /* Assets.xcassets in Resources */ = {isa = PBXBuildFile; fileRef = FCA34E022A8E59A5002FBE37 /* Assets.xcassets */; };
		FCA34E062A8E59A5002FBE37 /* LaunchScreen.storyboard in Resources */ = {isa = PBXBuildFile; fileRef = FCA34E042A8E59A5002FBE37 /* LaunchScreen.storyboard */; };
		FCA34E112A8E59A5002FBE37 /* HungrySwissTests.swift in Sources */ = {isa = PBXBuildFile; fileRef = FCA34E102A8E59A5002FBE37 /* HungrySwissTests.swift */; };
		FCA34E1B2A8E59A5002FBE37 /* HungrySwissUITests.swift in Sources */ = {isa = PBXBuildFile; fileRef = FCA34E1A2A8E59A5002FBE37 /* HungrySwissUITests.swift */; };
		FCA34E1D2A8E59A5002FBE37 /* HungrySwissUITestsLaunchTests.swift in Sources */ = {isa = PBXBuildFile; fileRef = FCA34E1C2A8E59A5002FBE37 /* HungrySwissUITestsLaunchTests.swift */; };
/* End PBXBuildFile section */

/* Begin PBXContainerItemProxy section */
		FCA34E0D2A8E59A5002FBE37 /* PBXContainerItemProxy */ = {
			isa = PBXContainerItemProxy;
			containerPortal = FCA34DEE2A8E59A3002FBE37 /* Project object */;
			proxyType = 1;
			remoteGlobalIDString = FCA34DF52A8E59A3002FBE37;
			remoteInfo = HungrySwiss;
		};
		FCA34E172A8E59A5002FBE37 /* PBXContainerItemProxy */ = {
			isa = PBXContainerItemProxy;
			containerPortal = FCA34DEE2A8E59A3002FBE37 /* Project object */;
			proxyType = 1;
			remoteGlobalIDString = FCA34DF52A8E59A3002FBE37;
			remoteInfo = HungrySwiss;
		};
/* End PBXContainerItemProxy section */

/* Begin PBXFileReference section */
		FC67C2F12A8E5C3D00FFC53C /* HTTPRequest.swift */ = {isa = PBXFileReference; lastKnownFileType = sourcecode.swift; path = HTTPRequest.swift; sourceTree = "<group>"; };
		FC67C2F32A8E5D5300FFC53C /* HTTPResponse.swift */ = {isa = PBXFileReference; lastKnownFileType = sourcecode.swift; path = HTTPResponse.swift; sourceTree = "<group>"; };
		FC67C2F52A8E5E3C00FFC53C /* HTTPProvider.swift */ = {isa = PBXFileReference; lastKnownFileType = sourcecode.swift; path = HTTPProvider.swift; sourceTree = "<group>"; };
		FCA34DF62A8E59A3002FBE37 /* HungrySwiss.app */ = {isa = PBXFileReference; explicitFileType = wrapper.application; includeInIndex = 0; path = HungrySwiss.app; sourceTree = BUILT_PRODUCTS_DIR; };
		FCA34DF92A8E59A3002FBE37 /* AppDelegate.swift */ = {isa = PBXFileReference; lastKnownFileType = sourcecode.swift; path = AppDelegate.swift; sourceTree = "<group>"; };
		FCA34DFB2A8E59A3002FBE37 /* SceneDelegate.swift */ = {isa = PBXFileReference; lastKnownFileType = sourcecode.swift; path = SceneDelegate.swift; sourceTree = "<group>"; };
		FCA34DFD2A8E59A3002FBE37 /* ViewController.swift */ = {isa = PBXFileReference; lastKnownFileType = sourcecode.swift; path = ViewController.swift; sourceTree = "<group>"; };
		FCA34E002A8E59A3002FBE37 /* Base */ = {isa = PBXFileReference; lastKnownFileType = file.storyboard; name = Base; path = Base.lproj/Main.storyboard; sourceTree = "<group>"; };
		FCA34E022A8E59A5002FBE37 /* Assets.xcassets */ = {isa = PBXFileReference; lastKnownFileType = folder.assetcatalog; path = Assets.xcassets; sourceTree = "<group>"; };
		FCA34E052A8E59A5002FBE37 /* Base */ = {isa = PBXFileReference; lastKnownFileType = file.storyboard; name = Base; path = Base.lproj/LaunchScreen.storyboard; sourceTree = "<group>"; };
		FCA34E072A8E59A5002FBE37 /* Info.plist */ = {isa = PBXFileReference; lastKnownFileType = text.plist.xml; path = Info.plist; sourceTree = "<group>"; };
		FCA34E0C2A8E59A5002FBE37 /* HungrySwissTests.xctest */ = {isa = PBXFileReference; explicitFileType = wrapper.cfbundle; includeInIndex = 0; path = HungrySwissTests.xctest; sourceTree = BUILT_PRODUCTS_DIR; };
		FCA34E102A8E59A5002FBE37 /* HungrySwissTests.swift */ = {isa = PBXFileReference; lastKnownFileType = sourcecode.swift; path = HungrySwissTests.swift; sourceTree = "<group>"; };
		FCA34E162A8E59A5002FBE37 /* HungrySwissUITests.xctest */ = {isa = PBXFileReference; explicitFileType = wrapper.cfbundle; includeInIndex = 0; path = HungrySwissUITests.xctest; sourceTree = BUILT_PRODUCTS_DIR; };
		FCA34E1A2A8E59A5002FBE37 /* HungrySwissUITests.swift */ = {isa = PBXFileReference; lastKnownFileType = sourcecode.swift; path = HungrySwissUITests.swift; sourceTree = "<group>"; };
		FCA34E1C2A8E59A5002FBE37 /* HungrySwissUITestsLaunchTests.swift */ = {isa = PBXFileReference; lastKnownFileType = sourcecode.swift; path = HungrySwissUITestsLaunchTests.swift; sourceTree = "<group>"; };
/* End PBXFileReference section */

/* Begin PBXFrameworksBuildPhase section */
		FCA34DF32A8E59A3002FBE37 /* Frameworks */ = {
			isa = PBXFrameworksBuildPhase;
			buildActionMask = 2147483647;
			files = (
			);
			runOnlyForDeploymentPostprocessing = 0;
		};
		FCA34E092A8E59A5002FBE37 /* Frameworks */ = {
			isa = PBXFrameworksBuildPhase;
			buildActionMask = 2147483647;
			files = (
			);
			runOnlyForDeploymentPostprocessing = 0;
		};
		FCA34E132A8E59A5002FBE37 /* Frameworks */ = {
			isa = PBXFrameworksBuildPhase;
			buildActionMask = 2147483647;
			files = (
			);
			runOnlyForDeploymentPostprocessing = 0;
		};
/* End PBXFrameworksBuildPhase section */

/* Begin PBXGroup section */
		FC67C2EF2A8E5BD800FFC53C /* Core */ = {
			isa = PBXGroup;
			children = (
				FC67C2F02A8E5C2C00FFC53C /* Networking */,
			);
			path = Core;
			sourceTree = "<group>";
		};
		FC67C2F02A8E5C2C00FFC53C /* Networking */ = {
			isa = PBXGroup;
			children = (
				FC67C2F12A8E5C3D00FFC53C /* HTTPRequest.swift */,
				FC67C2F32A8E5D5300FFC53C /* HTTPResponse.swift */,
				FC67C2F52A8E5E3C00FFC53C /* HTTPProvider.swift */,
			);
			path = Networking;
			sourceTree = "<group>";
		};
		FCA34DED2A8E59A3002FBE37 = {
			isa = PBXGroup;
			children = (
				FCA34DF82A8E59A3002FBE37 /* HungrySwiss */,
				FCA34E0F2A8E59A5002FBE37 /* HungrySwissTests */,
				FCA34E192A8E59A5002FBE37 /* HungrySwissUITests */,
				FCA34DF72A8E59A3002FBE37 /* Products */,
			);
			sourceTree = "<group>";
		};
		FCA34DF72A8E59A3002FBE37 /* Products */ = {
			isa = PBXGroup;
			children = (
				FCA34DF62A8E59A3002FBE37 /* HungrySwiss.app */,
				FCA34E0C2A8E59A5002FBE37 /* HungrySwissTests.xctest */,
				FCA34E162A8E59A5002FBE37 /* HungrySwissUITests.xctest */,
			);
			name = Products;
			sourceTree = "<group>";
		};
		FCA34DF82A8E59A3002FBE37 /* HungrySwiss */ = {
			isa = PBXGroup;
			children = (
				FC67C2EF2A8E5BD800FFC53C /* Core */,
				FCA34DF92A8E59A3002FBE37 /* AppDelegate.swift */,
				FCA34DFB2A8E59A3002FBE37 /* SceneDelegate.swift */,
				FCA34DFD2A8E59A3002FBE37 /* ViewController.swift */,
				FCA34DFF2A8E59A3002FBE37 /* Main.storyboard */,
				FCA34E022A8E59A5002FBE37 /* Assets.xcassets */,
				FCA34E042A8E59A5002FBE37 /* LaunchScreen.storyboard */,
				FCA34E072A8E59A5002FBE37 /* Info.plist */,
			);
			path = HungrySwiss;
			sourceTree = "<group>";
		};
		FCA34E0F2A8E59A5002FBE37 /* HungrySwissTests */ = {
			isa = PBXGroup;
			children = (
				FCA34E102A8E59A5002FBE37 /* HungrySwissTests.swift */,
			);
			path = HungrySwissTests;
			sourceTree = "<group>";
		};
		FCA34E192A8E59A5002FBE37 /* HungrySwissUITests */ = {
			isa = PBXGroup;
			children = (
				FCA34E1A2A8E59A5002FBE37 /* HungrySwissUITests.swift */,
				FCA34E1C2A8E59A5002FBE37 /* HungrySwissUITestsLaunchTests.swift */,
			);
			path = HungrySwissUITests;
			sourceTree = "<group>";
		};
/* End PBXGroup section */

/* Begin PBXNativeTarget section */
		FCA34DF52A8E59A3002FBE37 /* HungrySwiss */ = {
			isa = PBXNativeTarget;
			buildConfigurationList = FCA34E202A8E59A5002FBE37 /* Build configuration list for PBXNativeTarget "HungrySwiss" */;
			buildPhases = (
				FCA34DF22A8E59A3002FBE37 /* Sources */,
				FCA34DF32A8E59A3002FBE37 /* Frameworks */,
				FCA34DF42A8E59A3002FBE37 /* Resources */,
			);
			buildRules = (
			);
			dependencies = (
			);
			name = HungrySwiss;
			productName = HungrySwiss;
			productReference = FCA34DF62A8E59A3002FBE37 /* HungrySwiss.app */;
			productType = "com.apple.product-type.application";
		};
		FCA34E0B2A8E59A5002FBE37 /* HungrySwissTests */ = {
			isa = PBXNativeTarget;
			buildConfigurationList = FCA34E232A8E59A5002FBE37 /* Build configuration list for PBXNativeTarget "HungrySwissTests" */;
			buildPhases = (
				FCA34E082A8E59A5002FBE37 /* Sources */,
				FCA34E092A8E59A5002FBE37 /* Frameworks */,
				FCA34E0A2A8E59A5002FBE37 /* Resources */,
			);
			buildRules = (
			);
			dependencies = (
				FCA34E0E2A8E59A5002FBE37 /* PBXTargetDependency */,
			);
			name = HungrySwissTests;
			productName = HungrySwissTests;
			productReference = FCA34E0C2A8E59A5002FBE37 /* HungrySwissTests.xctest */;
			productType = "com.apple.product-type.bundle.unit-test";
		};
		FCA34E152A8E59A5002FBE37 /* HungrySwissUITests */ = {
			isa = PBXNativeTarget;
			buildConfigurationList = FCA34E262A8E59A5002FBE37 /* Build configuration list for PBXNativeTarget "HungrySwissUITests" */;
			buildPhases = (
				FCA34E122A8E59A5002FBE37 /* Sources */,
				FCA34E132A8E59A5002FBE37 /* Frameworks */,
				FCA34E142A8E59A5002FBE37 /* Resources */,
			);
			buildRules = (
			);
			dependencies = (
				FCA34E182A8E59A5002FBE37 /* PBXTargetDependency */,
			);
			name = HungrySwissUITests;
			productName = HungrySwissUITests;
			productReference = FCA34E162A8E59A5002FBE37 /* HungrySwissUITests.xctest */;
			productType = "com.apple.product-type.bundle.ui-testing";
		};
/* End PBXNativeTarget section */

/* Begin PBXProject section */
		FCA34DEE2A8E59A3002FBE37 /* Project object */ = {
			isa = PBXProject;
			attributes = {
				BuildIndependentTargetsInParallel = 1;
				LastSwiftUpdateCheck = 1430;
				LastUpgradeCheck = 1430;
				TargetAttributes = {
					FCA34DF52A8E59A3002FBE37 = {
						CreatedOnToolsVersion = 14.3.1;
					};
					FCA34E0B2A8E59A5002FBE37 = {
						CreatedOnToolsVersion = 14.3.1;
						TestTargetID = FCA34DF52A8E59A3002FBE37;
					};
					FCA34E152A8E59A5002FBE37 = {
						CreatedOnToolsVersion = 14.3.1;
						TestTargetID = FCA34DF52A8E59A3002FBE37;
					};
				};
			};
			buildConfigurationList = FCA34DF12A8E59A3002FBE37 /* Build configuration list for PBXProject "HungrySwiss" */;
			compatibilityVersion = "Xcode 14.0";
			developmentRegion = en;
			hasScannedForEncodings = 0;
			knownRegions = (
				en,
				Base,
			);
			mainGroup = FCA34DED2A8E59A3002FBE37;
			productRefGroup = FCA34DF72A8E59A3002FBE37 /* Products */;
			projectDirPath = "";
			projectRoot = "";
			targets = (
				FCA34DF52A8E59A3002FBE37 /* HungrySwiss */,
				FCA34E0B2A8E59A5002FBE37 /* HungrySwissTests */,
				FCA34E152A8E59A5002FBE37 /* HungrySwissUITests */,
			);
		};
/* End PBXProject section */

/* Begin PBXResourcesBuildPhase section */
		FCA34DF42A8E59A3002FBE37 /* Resources */ = {
			isa = PBXResourcesBuildPhase;
			buildActionMask = 2147483647;
			files = (
				FCA34E062A8E59A5002FBE37 /* LaunchScreen.storyboard in Resources */,
				FCA34E032A8E59A5002FBE37 /* Assets.xcassets in Resources */,
				FCA34E012A8E59A3002FBE37 /* Main.storyboard in Resources */,
			);
			runOnlyForDeploymentPostprocessing = 0;
		};
		FCA34E0A2A8E59A5002FBE37 /* Resources */ = {
			isa = PBXResourcesBuildPhase;
			buildActionMask = 2147483647;
			files = (
			);
			runOnlyForDeploymentPostprocessing = 0;
		};
		FCA34E142A8E59A5002FBE37 /* Resources */ = {
			isa = PBXResourcesBuildPhase;
			buildActionMask = 2147483647;
			files = (
			);
			runOnlyForDeploymentPostprocessing = 0;
		};
/* End PBXResourcesBuildPhase section */

/* Begin PBXSourcesBuildPhase section */
		FCA34DF22A8E59A3002FBE37 /* Sources */ = {
			isa = PBXSourcesBuildPhase;
			buildActionMask = 2147483647;
			files = (
				FC67C2F62A8E5E3C00FFC53C /* HTTPProvider.swift in Sources */,
				FCA34DFE2A8E59A3002FBE37 /* ViewController.swift in Sources */,
				FC67C2F22A8E5C3D00FFC53C /* HTTPRequest.swift in Sources */,
				FC67C2F42A8E5D5400FFC53C /* HTTPResponse.swift in Sources */,
				FCA34DFA2A8E59A3002FBE37 /* AppDelegate.swift in Sources */,
				FCA34DFC2A8E59A3002FBE37 /* SceneDelegate.swift in Sources */,
			);
			runOnlyForDeploymentPostprocessing = 0;
		};
		FCA34E082A8E59A5002FBE37 /* Sources */ = {
			isa = PBXSourcesBuildPhase;
			buildActionMask = 2147483647;
			files = (
				FCA34E112A8E59A5002FBE37 /* HungrySwissTests.swift in Sources */,
			);
			runOnlyForDeploymentPostprocessing = 0;
		};
		FCA34E122A8E59A5002FBE37 /* Sources */ = {
			isa = PBXSourcesBuildPhase;
			buildActionMask = 2147483647;
			files = (
				FCA34E1B2A8E59A5002FBE37 /* HungrySwissUITests.swift in Sources */,
				FCA34E1D2A8E59A5002FBE37 /* HungrySwissUITestsLaunchTests.swift in Sources */,
			);
			runOnlyForDeploymentPostprocessing = 0;
		};
/* End PBXSourcesBuildPhase section */

/* Begin PBXTargetDependency section */
		FCA34E0E2A8E59A5002FBE37 /* PBXTargetDependency */ = {
			isa = PBXTargetDependency;
			target = FCA34DF52A8E59A3002FBE37 /* HungrySwiss */;
			targetProxy = FCA34E0D2A8E59A5002FBE37 /* PBXContainerItemProxy */;
		};
		FCA34E182A8E59A5002FBE37 /* PBXTargetDependency */ = {
			isa = PBXTargetDependency;
			target = FCA34DF52A8E59A3002FBE37 /* HungrySwiss */;
			targetProxy = FCA34E172A8E59A5002FBE37 /* PBXContainerItemProxy */;
		};
/* End PBXTargetDependency section */

/* Begin PBXVariantGroup section */
		FCA34DFF2A8E59A3002FBE37 /* Main.storyboard */ = {
			isa = PBXVariantGroup;
			children = (
				FCA34E002A8E59A3002FBE37 /* Base */,
			);
			name = Main.storyboard;
			sourceTree = "<group>";
		};
		FCA34E042A8E59A5002FBE37 /* LaunchScreen.storyboard */ = {
			isa = PBXVariantGroup;
			children = (
				FCA34E052A8E59A5002FBE37 /* Base */,
			);
			name = LaunchScreen.storyboard;
			sourceTree = "<group>";
		};
/* End PBXVariantGroup section */

/* Begin XCBuildConfiguration section */
		FCA34E1E2A8E59A5002FBE37 /* Debug */ = {
			isa = XCBuildConfiguration;
			buildSettings = {
				ALWAYS_SEARCH_USER_PATHS = NO;
				CLANG_ANALYZER_NONNULL = YES;
				CLANG_ANALYZER_NUMBER_OBJECT_CONVERSION = YES_AGGRESSIVE;
				CLANG_CXX_LANGUAGE_STANDARD = "gnu++20";
				CLANG_ENABLE_MODULES = YES;
				CLANG_ENABLE_OBJC_ARC = YES;
				CLANG_ENABLE_OBJC_WEAK = YES;
				CLANG_WARN_BLOCK_CAPTURE_AUTORELEASING = YES;
				CLANG_WARN_BOOL_CONVERSION = YES;
				CLANG_WARN_COMMA = YES;
				CLANG_WARN_CONSTANT_CONVERSION = YES;
				CLANG_WARN_DEPRECATED_OBJC_IMPLEMENTATIONS = YES;
				CLANG_WARN_DIRECT_OBJC_ISA_USAGE = YES_ERROR;
				CLANG_WARN_DOCUMENTATION_COMMENTS = YES;
				CLANG_WARN_EMPTY_BODY = YES;
				CLANG_WARN_ENUM_CONVERSION = YES;
				CLANG_WARN_INFINITE_RECURSION = YES;
				CLANG_WARN_INT_CONVERSION = YES;
				CLANG_WARN_NON_LITERAL_NULL_CONVERSION = YES;
				CLANG_WARN_OBJC_IMPLICIT_RETAIN_SELF = YES;
				CLANG_WARN_OBJC_LITERAL_CONVERSION = YES;
				CLANG_WARN_OBJC_ROOT_CLASS = YES_ERROR;
				CLANG_WARN_QUOTED_INCLUDE_IN_FRAMEWORK_HEADER = YES;
				CLANG_WARN_RANGE_LOOP_ANALYSIS = YES;
				CLANG_WARN_STRICT_PROTOTYPES = YES;
				CLANG_WARN_SUSPICIOUS_MOVE = YES;
				CLANG_WARN_UNGUARDED_AVAILABILITY = YES_AGGRESSIVE;
				CLANG_WARN_UNREACHABLE_CODE = YES;
				CLANG_WARN__DUPLICATE_METHOD_MATCH = YES;
				COPY_PHASE_STRIP = NO;
				DEBUG_INFORMATION_FORMAT = dwarf;
				ENABLE_STRICT_OBJC_MSGSEND = YES;
				ENABLE_TESTABILITY = YES;
				GCC_C_LANGUAGE_STANDARD = gnu11;
				GCC_DYNAMIC_NO_PIC = NO;
				GCC_NO_COMMON_BLOCKS = YES;
				GCC_OPTIMIZATION_LEVEL = 0;
				GCC_PREPROCESSOR_DEFINITIONS = (
					"DEBUG=1",
					"$(inherited)",
				);
				GCC_WARN_64_TO_32_BIT_CONVERSION = YES;
				GCC_WARN_ABOUT_RETURN_TYPE = YES_ERROR;
				GCC_WARN_UNDECLARED_SELECTOR = YES;
				GCC_WARN_UNINITIALIZED_AUTOS = YES_AGGRESSIVE;
				GCC_WARN_UNUSED_FUNCTION = YES;
				GCC_WARN_UNUSED_VARIABLE = YES;
				IPHONEOS_DEPLOYMENT_TARGET = 16.4;
				MTL_ENABLE_DEBUG_INFO = INCLUDE_SOURCE;
				MTL_FAST_MATH = YES;
				ONLY_ACTIVE_ARCH = YES;
				SDKROOT = iphoneos;
				SWIFT_ACTIVE_COMPILATION_CONDITIONS = DEBUG;
				SWIFT_OPTIMIZATION_LEVEL = "-Onone";
			};
			name = Debug;
		};
		FCA34E1F2A8E59A5002FBE37 /* Release */ = {
			isa = XCBuildConfiguration;
			buildSettings = {
				ALWAYS_SEARCH_USER_PATHS = NO;
				CLANG_ANALYZER_NONNULL = YES;
				CLANG_ANALYZER_NUMBER_OBJECT_CONVERSION = YES_AGGRESSIVE;
				CLANG_CXX_LANGUAGE_STANDARD = "gnu++20";
				CLANG_ENABLE_MODULES = YES;
				CLANG_ENABLE_OBJC_ARC = YES;
				CLANG_ENABLE_OBJC_WEAK = YES;
				CLANG_WARN_BLOCK_CAPTURE_AUTORELEASING = YES;
				CLANG_WARN_BOOL_CONVERSION = YES;
				CLANG_WARN_COMMA = YES;
				CLANG_WARN_CONSTANT_CONVERSION = YES;
				CLANG_WARN_DEPRECATED_OBJC_IMPLEMENTATIONS = YES;
				CLANG_WARN_DIRECT_OBJC_ISA_USAGE = YES_ERROR;
				CLANG_WARN_DOCUMENTATION_COMMENTS = YES;
				CLANG_WARN_EMPTY_BODY = YES;
				CLANG_WARN_ENUM_CONVERSION = YES;
				CLANG_WARN_INFINITE_RECURSION = YES;
				CLANG_WARN_INT_CONVERSION = YES;
				CLANG_WARN_NON_LITERAL_NULL_CONVERSION = YES;
				CLANG_WARN_OBJC_IMPLICIT_RETAIN_SELF = YES;
				CLANG_WARN_OBJC_LITERAL_CONVERSION = YES;
				CLANG_WARN_OBJC_ROOT_CLASS = YES_ERROR;
				CLANG_WARN_QUOTED_INCLUDE_IN_FRAMEWORK_HEADER = YES;
				CLANG_WARN_RANGE_LOOP_ANALYSIS = YES;
				CLANG_WARN_STRICT_PROTOTYPES = YES;
				CLANG_WARN_SUSPICIOUS_MOVE = YES;
				CLANG_WARN_UNGUARDED_AVAILABILITY = YES_AGGRESSIVE;
				CLANG_WARN_UNREACHABLE_CODE = YES;
				CLANG_WARN__DUPLICATE_METHOD_MATCH = YES;
				COPY_PHASE_STRIP = NO;
				DEBUG_INFORMATION_FORMAT = "dwarf-with-dsym";
				ENABLE_NS_ASSERTIONS = NO;
				ENABLE_STRICT_OBJC_MSGSEND = YES;
				GCC_C_LANGUAGE_STANDARD = gnu11;
				GCC_NO_COMMON_BLOCKS = YES;
				GCC_WARN_64_TO_32_BIT_CONVERSION = YES;
				GCC_WARN_ABOUT_RETURN_TYPE = YES_ERROR;
				GCC_WARN_UNDECLARED_SELECTOR = YES;
				GCC_WARN_UNINITIALIZED_AUTOS = YES_AGGRESSIVE;
				GCC_WARN_UNUSED_FUNCTION = YES;
				GCC_WARN_UNUSED_VARIABLE = YES;
				IPHONEOS_DEPLOYMENT_TARGET = 16.4;
				MTL_ENABLE_DEBUG_INFO = NO;
				MTL_FAST_MATH = YES;
				SDKROOT = iphoneos;
				SWIFT_COMPILATION_MODE = wholemodule;
				SWIFT_OPTIMIZATION_LEVEL = "-O";
				VALIDATE_PRODUCT = YES;
			};
			name = Release;
		};
		FCA34E212A8E59A5002FBE37 /* Debug */ = {
			isa = XCBuildConfiguration;
			buildSettings = {
				ASSETCATALOG_COMPILER_APPICON_NAME = AppIcon;
				ASSETCATALOG_COMPILER_GLOBAL_ACCENT_COLOR_NAME = AccentColor;
				CODE_SIGN_STYLE = Automatic;
				CURRENT_PROJECT_VERSION = 1;
				DEVELOPMENT_TEAM = 87G2A3ZAZ9;
				GENERATE_INFOPLIST_FILE = YES;
				INFOPLIST_FILE = HungrySwiss/Info.plist;
				INFOPLIST_KEY_UIApplicationSupportsIndirectInputEvents = YES;
				INFOPLIST_KEY_UILaunchStoryboardName = LaunchScreen;
				INFOPLIST_KEY_UIMainStoryboardFile = Main;
				INFOPLIST_KEY_UISupportedInterfaceOrientations_iPad = "UIInterfaceOrientationPortrait UIInterfaceOrientationPortraitUpsideDown UIInterfaceOrientationLandscapeLeft UIInterfaceOrientationLandscapeRight";
				INFOPLIST_KEY_UISupportedInterfaceOrientations_iPhone = "UIInterfaceOrientationPortrait UIInterfaceOrientationLandscapeLeft UIInterfaceOrientationLandscapeRight";
				LD_RUNPATH_SEARCH_PATHS = (
					"$(inherited)",
					"@executable_path/Frameworks",
				);
				MARKETING_VERSION = 1.0;
				PRODUCT_BUNDLE_IDENTIFIER = com.ysm.HungrySwiss;
				PRODUCT_NAME = "$(TARGET_NAME)";
				SWIFT_EMIT_LOC_STRINGS = YES;
				SWIFT_VERSION = 5.0;
				TARGETED_DEVICE_FAMILY = "1,2";
			};
			name = Debug;
		};
		FCA34E222A8E59A5002FBE37 /* Release */ = {
			isa = XCBuildConfiguration;
			buildSettings = {
				ASSETCATALOG_COMPILER_APPICON_NAME = AppIcon;
				ASSETCATALOG_COMPILER_GLOBAL_ACCENT_COLOR_NAME = AccentColor;
				CODE_SIGN_STYLE = Automatic;
				CURRENT_PROJECT_VERSION = 1;
				DEVELOPMENT_TEAM = 87G2A3ZAZ9;
				GENERATE_INFOPLIST_FILE = YES;
				INFOPLIST_FILE = HungrySwiss/Info.plist;
				INFOPLIST_KEY_UIApplicationSupportsIndirectInputEvents = YES;
				INFOPLIST_KEY_UILaunchStoryboardName = LaunchScreen;
				INFOPLIST_KEY_UIMainStoryboardFile = Main;
				INFOPLIST_KEY_UISupportedInterfaceOrientations_iPad = "UIInterfaceOrientationPortrait UIInterfaceOrientationPortraitUpsideDown UIInterfaceOrientationLandscapeLeft UIInterfaceOrientationLandscapeRight";
				INFOPLIST_KEY_UISupportedInterfaceOrientations_iPhone = "UIInterfaceOrientationPortrait UIInterfaceOrientationLandscapeLeft UIInterfaceOrientationLandscapeRight";
				LD_RUNPATH_SEARCH_PATHS = (
					"$(inherited)",
					"@executable_path/Frameworks",
				);
				MARKETING_VERSION = 1.0;
				PRODUCT_BUNDLE_IDENTIFIER = com.ysm.HungrySwiss;
				PRODUCT_NAME = "$(TARGET_NAME)";
				SWIFT_EMIT_LOC_STRINGS = YES;
				SWIFT_VERSION = 5.0;
				TARGETED_DEVICE_FAMILY = "1,2";
			};
			name = Release;
		};
		FCA34E242A8E59A5002FBE37 /* Debug */ = {
			isa = XCBuildConfiguration;
			buildSettings = {
				ALWAYS_EMBED_SWIFT_STANDARD_LIBRARIES = YES;
				BUNDLE_LOADER = "$(TEST_HOST)";
				CODE_SIGN_STYLE = Automatic;
				CURRENT_PROJECT_VERSION = 1;
				DEVELOPMENT_TEAM = 87G2A3ZAZ9;
				GENERATE_INFOPLIST_FILE = YES;
				IPHONEOS_DEPLOYMENT_TARGET = 16.4;
				MARKETING_VERSION = 1.0;
				PRODUCT_BUNDLE_IDENTIFIER = com.ysm.HungrySwissTests;
				PRODUCT_NAME = "$(TARGET_NAME)";
				SWIFT_EMIT_LOC_STRINGS = NO;
				SWIFT_VERSION = 5.0;
				TARGETED_DEVICE_FAMILY = "1,2";
				TEST_HOST = "$(BUILT_PRODUCTS_DIR)/HungrySwiss.app/$(BUNDLE_EXECUTABLE_FOLDER_PATH)/HungrySwiss";
			};
			name = Debug;
		};
		FCA34E252A8E59A5002FBE37 /* Release */ = {
			isa = XCBuildConfiguration;
			buildSettings = {
				ALWAYS_EMBED_SWIFT_STANDARD_LIBRARIES = YES;
				BUNDLE_LOADER = "$(TEST_HOST)";
				CODE_SIGN_STYLE = Automatic;
				CURRENT_PROJECT_VERSION = 1;
				DEVELOPMENT_TEAM = 87G2A3ZAZ9;
				GENERATE_INFOPLIST_FILE = YES;
				IPHONEOS_DEPLOYMENT_TARGET = 16.4;
				MARKETING_VERSION = 1.0;
				PRODUCT_BUNDLE_IDENTIFIER = com.ysm.HungrySwissTests;
				PRODUCT_NAME = "$(TARGET_NAME)";
				SWIFT_EMIT_LOC_STRINGS = NO;
				SWIFT_VERSION = 5.0;
				TARGETED_DEVICE_FAMILY = "1,2";
				TEST_HOST = "$(BUILT_PRODUCTS_DIR)/HungrySwiss.app/$(BUNDLE_EXECUTABLE_FOLDER_PATH)/HungrySwiss";
			};
			name = Release;
		};
		FCA34E272A8E59A5002FBE37 /* Debug */ = {
			isa = XCBuildConfiguration;
			buildSettings = {
				ALWAYS_EMBED_SWIFT_STANDARD_LIBRARIES = YES;
				CODE_SIGN_STYLE = Automatic;
				CURRENT_PROJECT_VERSION = 1;
				DEVELOPMENT_TEAM = 87G2A3ZAZ9;
				GENERATE_INFOPLIST_FILE = YES;
				MARKETING_VERSION = 1.0;
				PRODUCT_BUNDLE_IDENTIFIER = com.ysm.HungrySwissUITests;
				PRODUCT_NAME = "$(TARGET_NAME)";
				SWIFT_EMIT_LOC_STRINGS = NO;
				SWIFT_VERSION = 5.0;
				TARGETED_DEVICE_FAMILY = "1,2";
				TEST_TARGET_NAME = HungrySwiss;
			};
			name = Debug;
		};
		FCA34E282A8E59A5002FBE37 /* Release */ = {
			isa = XCBuildConfiguration;
			buildSettings = {
				ALWAYS_EMBED_SWIFT_STANDARD_LIBRARIES = YES;
				CODE_SIGN_STYLE = Automatic;
				CURRENT_PROJECT_VERSION = 1;
				DEVELOPMENT_TEAM = 87G2A3ZAZ9;
				GENERATE_INFOPLIST_FILE = YES;
				MARKETING_VERSION = 1.0;
				PRODUCT_BUNDLE_IDENTIFIER = com.ysm.HungrySwissUITests;
				PRODUCT_NAME = "$(TARGET_NAME)";
				SWIFT_EMIT_LOC_STRINGS = NO;
				SWIFT_VERSION = 5.0;
				TARGETED_DEVICE_FAMILY = "1,2";
				TEST_TARGET_NAME = HungrySwiss;
			};
			name = Release;
		};
/* End XCBuildConfiguration section */

/* Begin XCConfigurationList section */
		FCA34DF12A8E59A3002FBE37 /* Build configuration list for PBXProject "HungrySwiss" */ = {
			isa = XCConfigurationList;
			buildConfigurations = (
				FCA34E1E2A8E59A5002FBE37 /* Debug */,
				FCA34E1F2A8E59A5002FBE37 /* Release */,
			);
			defaultConfigurationIsVisible = 0;
			defaultConfigurationName = Release;
		};
		FCA34E202A8E59A5002FBE37 /* Build configuration list for PBXNativeTarget "HungrySwiss" */ = {
			isa = XCConfigurationList;
			buildConfigurations = (
				FCA34E212A8E59A5002FBE37 /* Debug */,
				FCA34E222A8E59A5002FBE37 /* Release */,
			);
			defaultConfigurationIsVisible = 0;
			defaultConfigurationName = Release;
		};
		FCA34E232A8E59A5002FBE37 /* Build configuration list for PBXNativeTarget "HungrySwissTests" */ = {
			isa = XCConfigurationList;
			buildConfigurations = (
				FCA34E242A8E59A5002FBE37 /* Debug */,
				FCA34E252A8E59A5002FBE37 /* Release */,
			);
			defaultConfigurationIsVisible = 0;
			defaultConfigurationName = Release;
		};
		FCA34E262A8E59A5002FBE37 /* Build configuration list for PBXNativeTarget "HungrySwissUITests" */ = {
			isa = XCConfigurationList;
			buildConfigurations = (
				FCA34E272A8E59A5002FBE37 /* Debug */,
				FCA34E282A8E59A5002FBE37 /* Release */,
			);
			defaultConfigurationIsVisible = 0;
			defaultConfigurationName = Release;
		};
/* End XCConfigurationList section */
	};
	rootObject = FCA34DEE2A8E59A3002FBE37 /* Project object */;
}
